<?xml version="1.0" encoding="utf-8"?>
<Project ToolsVersion="4.0" xmlns="http://schemas.microsoft.com/developer/msbuild/2003">
  <ItemGroup>
    <Filter Include="소스 파일">
      <UniqueIdentifier>{4FC737F1-C7A5-4376-A066-2A32D752A2FF}</UniqueIdentifier>
      <Extensions>cpp;c;cc;cxx;def;odl;idl;hpj;bat;asm;asmx</Extensions>
    </Filter>
    <Filter Include="헤더 파일">
      <UniqueIdentifier>{93995380-89BD-4b04-88EB-625FBE52EBFB}</UniqueIdentifier>
      <Extensions>h;hh;hpp;hxx;hm;inl;inc;xsd</Extensions>
    </Filter>
    <Filter Include="리소스 파일">
      <UniqueIdentifier>{67DA6AB6-F800-4c08-8B7A-83BB121AAD01}</UniqueIdentifier>
      <Extensions>rc;ico;cur;bmp;dlg;rc2;rct;bin;rgs;gif;jpg;jpeg;jpe;resx;tiff;tif;png;wav;mfcribbon-ms</Extensions>
    </Filter>
    <Filter Include="소스 파일\Object">
      <UniqueIdentifier>{c6597950-7e70-411c-953c-07aa2f0898c3}</UniqueIdentifier>
    </Filter>
    <Filter Include="소스 파일\Scene">
      <UniqueIdentifier>{2a13d9bf-8f0a-4d14-ba8a-323dbd94ccfb}</UniqueIdentifier>
    </Filter>
    <Filter Include="소스 파일\Util">
      <UniqueIdentifier>{5245d38f-44a3-4aab-a16e-fa67eca61a0e}</UniqueIdentifier>
    </Filter>
    <Filter Include="소스 파일\SkinnedMesh">
      <UniqueIdentifier>{d02195e2-19a6-4fa6-ab36-ec9be0abf335}</UniqueIdentifier>
    </Filter>
    <Filter Include="소스 파일\Picking">
      <UniqueIdentifier>{e97a331d-e84b-4b4c-b79a-f5347bb1ce6a}</UniqueIdentifier>
    </Filter>
    <Filter Include="소스 파일\Action">
      <UniqueIdentifier>{c375f64c-f25e-4015-baca-6a57d42322b0}</UniqueIdentifier>
    </Filter>
    <Filter Include="소스 파일\GameData">
      <UniqueIdentifier>{bb694005-54f3-41e1-b200-3056463ce1a9}</UniqueIdentifier>
    </Filter>
    <Filter Include="소스 파일\GameData\Condition">
      <UniqueIdentifier>{c8e8cd7e-becd-47ac-b881-6a9d0668dfc7}</UniqueIdentifier>
    </Filter>
    <Filter Include="소스 파일\Script">
      <UniqueIdentifier>{4bd6c1a5-3de2-45e2-b40c-d05f386f5249}</UniqueIdentifier>
    </Filter>
    <Filter Include="소스 파일\State">
      <UniqueIdentifier>{ad115e3f-ccac-4048-8494-d9ee40e0625d}</UniqueIdentifier>
    </Filter>
    <Filter Include="소스 파일\GameData\Job">
      <UniqueIdentifier>{649f4505-d4aa-4fe5-9d9a-88626bab3ad0}</UniqueIdentifier>
    </Filter>
    <Filter Include="소스 파일\GameData\Item">
      <UniqueIdentifier>{c4764ace-0f5b-4e19-ae78-f1205c8f9827}</UniqueIdentifier>
    </Filter>
    <Filter Include="소스 파일\GameData\Skill">
      <UniqueIdentifier>{2755318d-59db-4805-a5bd-9cadbf2ae776}</UniqueIdentifier>
    </Filter>
    <Filter Include="소스 파일\State\PlayerState">
      <UniqueIdentifier>{ef5503c8-5b20-4adc-8e75-965dd2ced148}</UniqueIdentifier>
    </Filter>
    <Filter Include="소스 파일\State\MonsterState">
      <UniqueIdentifier>{b95cc98a-57af-46d9-a29d-575879b8ebf4}</UniqueIdentifier>
    </Filter>
    <Filter Include="소스 파일\State\MonsterState\Hydra">
      <UniqueIdentifier>{3049516d-76eb-466c-af9f-84cb520e8bfc}</UniqueIdentifier>
    </Filter>
    <Filter Include="소스 파일\Object\Monster">
      <UniqueIdentifier>{88b32479-965a-403f-bffb-7ff489d02254}</UniqueIdentifier>
    </Filter>
    <Filter Include="소스 파일\State\BaseState">
      <UniqueIdentifier>{4c6abe67-35b0-4288-9d97-8a6237d0d3dd}</UniqueIdentifier>
    </Filter>
    <Filter Include="소스 파일\State\NPCState">
      <UniqueIdentifier>{e01c5be6-1f84-4cc6-b7d7-9e164cfcce8b}</UniqueIdentifier>
    </Filter>
    <Filter Include="소스 파일\Particle">
      <UniqueIdentifier>{c4ec1dfb-51be-49d9-a694-9293341b1cf6}</UniqueIdentifier>
    </Filter>
    <Filter Include="소스 파일\UI">
      <UniqueIdentifier>{4550b0cf-4b9d-4de2-b1d8-7d1cbe297c5c}</UniqueIdentifier>
    </Filter>
    <Filter Include="소스 파일\State\NPCState\DwordMage">
      <UniqueIdentifier>{b8f2bafc-3cc9-402e-8547-05df8364c052}</UniqueIdentifier>
    </Filter>
    <Filter Include="소스 파일\State\NPCState\Healer">
      <UniqueIdentifier>{a7876cf6-70b0-4f36-a171-3432fbd35798}</UniqueIdentifier>
    </Filter>
    <Filter Include="소스 파일\Object\NPC">
      <UniqueIdentifier>{2506f29e-ec4a-41cc-bbb5-273d03c3c442}</UniqueIdentifier>
    </Filter>
    <Filter Include="소스 파일\State\NPCState\Warrior">
      <UniqueIdentifier>{fc0186d2-421e-459b-89fa-dd3b3b055a89}</UniqueIdentifier>
    </Filter>
    <Filter Include="소스 파일\State\MonsterState\LichOfKingState">
      <UniqueIdentifier>{d4a49b63-ffe2-458a-9841-e722c1cb0c84}</UniqueIdentifier>
    </Filter>
    <Filter Include="소스 파일\State\MonsterState\scorpion">
      <UniqueIdentifier>{092e5c79-9ee1-4dfb-ae67-2fac38abfadc}</UniqueIdentifier>
    </Filter>
    <Filter Include="소스 파일\GamaManager">
      <UniqueIdentifier>{611ed1a1-f88c-498e-99b6-ddcba212e396}</UniqueIdentifier>
    </Filter>
    <Filter Include="소스 파일\State\NPCState\ElfRogue">
      <UniqueIdentifier>{bae700e6-b20d-4dd1-9c2d-89b4788b2b45}</UniqueIdentifier>
    </Filter>
  </ItemGroup>
  <ItemGroup>
    <Text Include="ReadMe.txt" />
  </ItemGroup>
  <ItemGroup>
    <ClInclude Include="stdafx.h">
      <Filter>헤더 파일</Filter>
    </ClInclude>
    <ClInclude Include="targetver.h">
      <Filter>헤더 파일</Filter>
    </ClInclude>
    <ClInclude Include="Resource.h">
      <Filter>헤더 파일</Filter>
    </ClInclude>
    <ClInclude Include="cGameManager.h">
      <Filter>소스 파일\GamaManager</Filter>
    </ClInclude>
    <ClInclude Include="cTimeManager.h">
      <Filter>소스 파일\GamaManager</Filter>
    </ClInclude>
    <ClInclude Include="cGameObject.h">
      <Filter>소스 파일\Object</Filter>
    </ClInclude>
    <ClInclude Include="cInGameScene.h">
      <Filter>소스 파일\Scene</Filter>
    </ClInclude>
    <ClInclude Include="cIScene.h">
      <Filter>소스 파일\Scene</Filter>
    </ClInclude>
    <ClInclude Include="cObject.h">
      <Filter>소스 파일\Object</Filter>
    </ClInclude>
    <ClInclude Include="cDeviceManager.h">
      <Filter>소스 파일\GamaManager</Filter>
    </ClInclude>
    <ClInclude Include="cObjectManager.h">
      <Filter>소스 파일\GamaManager</Filter>
    </ClInclude>
    <ClInclude Include="cSpriteManager.h">
      <Filter>소스 파일\GamaManager</Filter>
    </ClInclude>
    <ClInclude Include="cTextureManager.h">
      <Filter>소스 파일\GamaManager</Filter>
    </ClInclude>
    <ClInclude Include="cRay.h">
      <Filter>소스 파일\Util</Filter>
    </ClInclude>
    <ClInclude Include="WinMain.h">
      <Filter>헤더 파일</Filter>
    </ClInclude>
    <ClInclude Include="cParsing.h">
      <Filter>소스 파일\Util</Filter>
    </ClInclude>
    <ClInclude Include="cAllocateHierarchy.h">
      <Filter>소스 파일\SkinnedMesh</Filter>
    </ClInclude>
    <ClInclude Include="cMtlTex.h">
      <Filter>소스 파일\SkinnedMesh</Filter>
    </ClInclude>
    <ClInclude Include="cSkinnedMesh.h">
      <Filter>소스 파일\SkinnedMesh</Filter>
    </ClInclude>
    <ClInclude Include="cWeaponSkinnedMesh.h">
      <Filter>소스 파일\SkinnedMesh</Filter>
    </ClInclude>
    <ClInclude Include="cStatus.h">
      <Filter>소스 파일\Object</Filter>
    </ClInclude>
    <ClInclude Include="cGrid.h">
      <Filter>소스 파일\Picking</Filter>
    </ClInclude>
    <ClInclude Include="cPickManager.h">
      <Filter>소스 파일\Picking</Filter>
    </ClInclude>
    <ClInclude Include="cCamera.h">
      <Filter>소스 파일\Util</Filter>
    </ClInclude>
    <ClInclude Include="cCondition.h">
      <Filter>소스 파일\GameData\Condition</Filter>
    </ClInclude>
    <ClInclude Include="cHeal.h">
      <Filter>소스 파일\GameData\Condition</Filter>
    </ClInclude>
    <ClInclude Include="cIScript.h">
      <Filter>소스 파일\Script</Filter>
    </ClInclude>
    <ClInclude Include="cIState.h">
      <Filter>소스 파일\State</Filter>
    </ClInclude>
    <ClInclude Include="cJob.h">
      <Filter>소스 파일\GameData\Job</Filter>
    </ClInclude>
    <ClInclude Include="cItem.h">
      <Filter>소스 파일\GameData\Item</Filter>
    </ClInclude>
    <ClInclude Include="cLoadingGameScene.h">
      <Filter>소스 파일\Scene</Filter>
    </ClInclude>
    <ClInclude Include="cMessageDispatcher.h">
      <Filter>소스 파일\Util</Filter>
    </ClInclude>
    <ClInclude Include="cRandom.h">
      <Filter>소스 파일\Util</Filter>
    </ClInclude>
    <ClInclude Include="cSkill.h">
      <Filter>소스 파일\GameData\Skill</Filter>
    </ClInclude>
    <ClInclude Include="cSceneManager.h">
      <Filter>소스 파일\Scene</Filter>
    </ClInclude>
    <ClInclude Include="cStateMachine.h">
      <Filter>소스 파일\State</Filter>
    </ClInclude>
    <ClInclude Include="cObjectTypeScript.h">
      <Filter>소스 파일\Script</Filter>
    </ClInclude>
    <ClInclude Include="cMainGame.h">
      <Filter>소스 파일</Filter>
    </ClInclude>
    <ClInclude Include="cPoison.h">
      <Filter>소스 파일\GameData\Condition</Filter>
    </ClInclude>
    <ClInclude Include="cSupply.h">
      <Filter>소스 파일\GameData\Item</Filter>
    </ClInclude>
    <ClInclude Include="Packet.h">
      <Filter>소스 파일\Util</Filter>
    </ClInclude>
    <ClInclude Include="cAction.h">
      <Filter>소스 파일\Action</Filter>
    </ClInclude>
    <ClInclude Include="cHydraState.h">
      <Filter>소스 파일\State\MonsterState\Hydra</Filter>
    </ClInclude>
    <ClInclude Include="cPlayer.h">
      <Filter>소스 파일\Object</Filter>
    </ClInclude>
    <ClInclude Include="cIdleState.h">
      <Filter>소스 파일\State\BaseState</Filter>
    </ClInclude>
    <ClInclude Include="cMoveState.h">
      <Filter>소스 파일\State\BaseState</Filter>
    </ClInclude>
    <ClInclude Include="cKeyManager.h">
      <Filter>소스 파일\GamaManager</Filter>
    </ClInclude>
    <ClInclude Include="cPlayerState.h">
      <Filter>소스 파일\State\PlayerState</Filter>
    </ClInclude>
    <ClInclude Include="cMonsterState.h">
      <Filter>소스 파일\State\MonsterState</Filter>
    </ClInclude>
    <ClInclude Include="cSoundManager.h">
      <Filter>소스 파일\GamaManager</Filter>
    </ClInclude>
    <ClInclude Include="cParticle.h">
      <Filter>소스 파일\Particle</Filter>
    </ClInclude>
    <ClInclude Include="cThrownObject.h">
      <Filter>소스 파일\Particle</Filter>
    </ClInclude>
    <ClInclude Include="cBaseLongAttack.h">
      <Filter>소스 파일\GameData\Skill</Filter>
    </ClInclude>
    <ClInclude Include="cStandbyState.h">
      <Filter>소스 파일\State\BaseState</Filter>
    </ClInclude>
    <ClInclude Include="cBaseShortAttack.h">
      <Filter>소스 파일\GameData\Skill</Filter>
    </ClInclude>
    <ClInclude Include="cPlayerFSM.h">
      <Filter>소스 파일\State\PlayerState</Filter>
    </ClInclude>
    <ClInclude Include="cMonsterFSM.h">
      <Filter>소스 파일\State\MonsterState</Filter>
    </ClInclude>
    <ClInclude Include="cWorldCamera.h">
      <Filter>소스 파일\Util</Filter>
    </ClInclude>
    <ClInclude Include="cMap.h">
      <Filter>소스 파일\Util</Filter>
    </ClInclude>
    <ClInclude Include="cEntityState.h">
      <Filter>소스 파일\State\BaseState</Filter>
    </ClInclude>
    <ClInclude Include="cModelState.h">
      <Filter>소스 파일\State\BaseState</Filter>
    </ClInclude>
    <ClInclude Include="cCombatNPCFSM.h">
      <Filter>소스 파일\State\NPCState</Filter>
    </ClInclude>
    <ClInclude Include="cUIImageView.h">
      <Filter>소스 파일\UI</Filter>
    </ClInclude>
    <ClInclude Include="cUIObject.h">
      <Filter>소스 파일\UI</Filter>
    </ClInclude>
    <ClInclude Include="cUITextView.h">
      <Filter>소스 파일\UI</Filter>
    </ClInclude>
    <ClInclude Include="cUIButton.h">
      <Filter>소스 파일\UI</Filter>
    </ClInclude>
    <ClInclude Include="cFontManager.h">
      <Filter>소스 파일\GamaManager</Filter>
    </ClInclude>
    <ClInclude Include="cMonster.h">
      <Filter>소스 파일\Object\Monster</Filter>
    </ClInclude>
    <ClInclude Include="cNamedMonster.h">
      <Filter>소스 파일\Object\Monster</Filter>
    </ClInclude>
    <ClInclude Include="cCombatNPC.h">
      <Filter>소스 파일\Object\NPC</Filter>
    </ClInclude>
    <ClInclude Include="cScorpionState.h">
      <Filter>소스 파일\State\MonsterState\scorpion</Filter>
    </ClInclude>
    <ClInclude Include="cParticleEffect.h">
      <Filter>소스 파일\Particle</Filter>
    </ClInclude>
    <ClInclude Include="cBlizzard.h">
      <Filter>소스 파일\GameData\Skill</Filter>
    </ClInclude>
    <ClInclude Include="cRecursiveParticle.h">
      <Filter>소스 파일\Particle</Filter>
    </ClInclude>
    <ClInclude Include="cRoar.h">
      <Filter>소스 파일\Particle</Filter>
    </ClInclude>
    <ClInclude Include="cBattleRoar.h">
      <Filter>소스 파일\GameData\Skill</Filter>
    </ClInclude>
    <ClInclude Include="cFirePad.h">
      <Filter>소스 파일\GameData\Skill</Filter>
    </ClInclude>
    <ClInclude Include="cStun.h">
      <Filter>소스 파일\GameData\Condition</Filter>
    </ClInclude>
    <ClInclude Include="cPatrolState.h">
      <Filter>소스 파일\State\BaseState</Filter>
    </ClInclude>
    <ClInclude Include="cUIClass.h">
      <Filter>소스 파일\UI</Filter>
    </ClInclude>
    <ClInclude Include="cSkyBox.h">
      <Filter>소스 파일\UI</Filter>
    </ClInclude>
    <ClInclude Include="cMapModScript.h">
      <Filter>소스 파일\Script</Filter>
    </ClInclude>
    <ClInclude Include="cProgressBar.h">
      <Filter>소스 파일\UI</Filter>
    </ClInclude>
    <ClInclude Include="Triangle.h">
      <Filter>소스 파일\UI</Filter>
    </ClInclude>
    <ClInclude Include="FVF.h">
      <Filter>소스 파일\UI</Filter>
    </ClInclude>
    <ClInclude Include="cUserHUD.h">
      <Filter>소스 파일\UI</Filter>
    </ClInclude>
    <ClInclude Include="cAttackState.h">
      <Filter>소스 파일\State\BaseState</Filter>
    </ClInclude>
    <ClInclude Include="cFireHand.h">
      <Filter>소스 파일\GameData\Skill</Filter>
    </ClInclude>
    <ClInclude Include="cImmediatelyHeal.h">
      <Filter>소스 파일\GameData\Skill</Filter>
    </ClInclude>
    <ClInclude Include="cUIProgressButton.h">
      <Filter>소스 파일\UI</Filter>
    </ClInclude>
    <ClInclude Include="cFrustum.h">
      <Filter>소스 파일\Util</Filter>
    </ClInclude>
    <ClInclude Include="cHmap.h">
      <Filter>소스 파일\Util</Filter>
    </ClInclude>
    <ClInclude Include="cKingOfLichState.h">
      <Filter>소스 파일\State\MonsterState\LichOfKingState</Filter>
    </ClInclude>
    <ClInclude Include="cInitGameDataScript.h">
      <Filter>소스 파일\Script</Filter>
    </ClInclude>
    <ClInclude Include="cStunState.h">
      <Filter>소스 파일\State\BaseState</Filter>
    </ClInclude>
    <ClInclude Include="cBombParticle.h">
      <Filter>소스 파일\Particle</Filter>
    </ClInclude>
    <ClInclude Include="cWound.h">
      <Filter>소스 파일\GameData\Skill</Filter>
    </ClInclude>
    <ClInclude Include="cIncATK.h">
      <Filter>소스 파일\GameData\Condition</Filter>
    </ClInclude>
    <ClInclude Include="cIncDef.h">
      <Filter>소스 파일\GameData\Condition</Filter>
    </ClInclude>
    <ClInclude Include="cMiniMapObject.h">
      <Filter>소스 파일\Util</Filter>
    </ClInclude>
    <ClInclude Include="cMiniMap.h">
      <Filter>소스 파일\Util</Filter>
    </ClInclude>
    <ClInclude Include="cMiniMapImageView.h">
      <Filter>소스 파일\Util</Filter>
    </ClInclude>
    <ClInclude Include="cBerserk.h">
      <Filter>소스 파일\GameData\Skill</Filter>
    </ClInclude>
    <ClInclude Include="cCombatNPCState.h">
      <Filter>소스 파일\State\NPCState</Filter>
    </ClInclude>
    <ClInclude Include="cBless.h">
      <Filter>소스 파일\GameData\Skill</Filter>
    </ClInclude>
    <ClInclude Include="cExplosionKnife.h">
      <Filter>소스 파일\GameData\Skill</Filter>
    </ClInclude>
    <ClInclude Include="cBaseThrowAttack.h">
      <Filter>소스 파일\GameData\Skill</Filter>
    </ClInclude>
    <ClInclude Include="cPoisonKnife.h">
      <Filter>소스 파일\GameData\Skill</Filter>
    </ClInclude>
    <ClInclude Include="cDworfMageState.h">
      <Filter>소스 파일\State\NPCState\DwordMage</Filter>
    </ClInclude>
    <ClInclude Include="cHumanWarriorState.h">
      <Filter>소스 파일\State\NPCState\Warrior</Filter>
    </ClInclude>
    <ClInclude Include="cGnomeHealerState.h">
      <Filter>소스 파일\State\NPCState\Healer</Filter>
    </ClInclude>
    <ClInclude Include="cElfRogueState.h">
      <Filter>소스 파일\State\NPCState\ElfRogue</Filter>
    </ClInclude>
    <ClInclude Include="cBossMonsterState.h">
      <Filter>소스 파일\State\MonsterState</Filter>
    </ClInclude>
    <ClInclude Include="cBossMonsterFSM.h">
      <Filter>소스 파일\State\MonsterState</Filter>
    </ClInclude>
  </ItemGroup>
  <ItemGroup>
    <ClCompile Include="stdafx.cpp">
      <Filter>소스 파일</Filter>
    </ClCompile>
    <ClCompile Include="cGameManager.cpp">
      <Filter>소스 파일\GamaManager</Filter>
    </ClCompile>
    <ClCompile Include="cTimeManager.cpp">
      <Filter>소스 파일\GamaManager</Filter>
    </ClCompile>
    <ClCompile Include="cGameObject.cpp">
      <Filter>소스 파일\Object</Filter>
    </ClCompile>
    <ClCompile Include="cIScene.cpp">
      <Filter>소스 파일\Scene</Filter>
    </ClCompile>
    <ClCompile Include="cInGameScene.cpp">
      <Filter>소스 파일\Scene</Filter>
    </ClCompile>
    <ClCompile Include="cObject.cpp">
      <Filter>소스 파일\Object</Filter>
    </ClCompile>
    <ClCompile Include="cDeviceManager.cpp">
      <Filter>소스 파일\GamaManager</Filter>
    </ClCompile>
    <ClCompile Include="cObjectManager.cpp">
      <Filter>소스 파일\GamaManager</Filter>
    </ClCompile>
    <ClCompile Include="cSpriteManager.cpp">
      <Filter>소스 파일\GamaManager</Filter>
    </ClCompile>
    <ClCompile Include="cTextureManager.cpp">
      <Filter>소스 파일\GamaManager</Filter>
    </ClCompile>
    <ClCompile Include="cRay.cpp">
      <Filter>소스 파일\Util</Filter>
    </ClCompile>
    <ClCompile Include="WinMain.cpp">
      <Filter>소스 파일</Filter>
    </ClCompile>
    <ClCompile Include="cParsing.cpp">
      <Filter>소스 파일\Util</Filter>
    </ClCompile>
    <ClCompile Include="cAllocateHierarchy.cpp">
      <Filter>소스 파일\SkinnedMesh</Filter>
    </ClCompile>
    <ClCompile Include="cMtlTex.cpp">
      <Filter>소스 파일\SkinnedMesh</Filter>
    </ClCompile>
    <ClCompile Include="cSkinnedMesh.cpp">
      <Filter>소스 파일\SkinnedMesh</Filter>
    </ClCompile>
    <ClCompile Include="cWeaponSkinnedMesh.cpp">
      <Filter>소스 파일\SkinnedMesh</Filter>
    </ClCompile>
    <ClCompile Include="cStatus.cpp">
      <Filter>소스 파일\Object</Filter>
    </ClCompile>
    <ClCompile Include="cGrid.cpp">
      <Filter>소스 파일\Picking</Filter>
    </ClCompile>
    <ClCompile Include="cPickManager.cpp">
      <Filter>소스 파일\Picking</Filter>
    </ClCompile>
    <ClCompile Include="cCamera.cpp">
      <Filter>소스 파일\Util</Filter>
    </ClCompile>
    <ClCompile Include="cCondition.cpp">
      <Filter>소스 파일\GameData\Condition</Filter>
    </ClCompile>
    <ClCompile Include="cHeal.cpp">
      <Filter>소스 파일\GameData\Condition</Filter>
    </ClCompile>
    <ClCompile Include="cIScript.cpp">
      <Filter>소스 파일\Script</Filter>
    </ClCompile>
    <ClCompile Include="cIState.cpp">
      <Filter>소스 파일\State</Filter>
    </ClCompile>
    <ClCompile Include="cJob.cpp">
      <Filter>소스 파일\GameData\Job</Filter>
    </ClCompile>
    <ClCompile Include="cItem.cpp">
      <Filter>소스 파일\GameData\Item</Filter>
    </ClCompile>
    <ClCompile Include="cLoadingGameScene.cpp">
      <Filter>소스 파일\Scene</Filter>
    </ClCompile>
    <ClCompile Include="cMessageDispatcher.cpp">
      <Filter>소스 파일\Util</Filter>
    </ClCompile>
    <ClCompile Include="cRandom.cpp">
      <Filter>소스 파일\Util</Filter>
    </ClCompile>
    <ClCompile Include="cSkill.cpp">
      <Filter>소스 파일\GameData\Skill</Filter>
    </ClCompile>
    <ClCompile Include="cSceneManager.cpp">
      <Filter>소스 파일\Scene</Filter>
    </ClCompile>
    <ClCompile Include="cStateMachine.cpp">
      <Filter>소스 파일\State</Filter>
    </ClCompile>
    <ClCompile Include="cObjectTypeScript.cpp">
      <Filter>소스 파일\Script</Filter>
    </ClCompile>
    <ClCompile Include="cMainGame.cpp">
      <Filter>소스 파일</Filter>
    </ClCompile>
    <ClCompile Include="cPoison.cpp">
      <Filter>소스 파일\GameData\Condition</Filter>
    </ClCompile>
    <ClCompile Include="cSupply.cpp">
      <Filter>소스 파일\GameData\Item</Filter>
    </ClCompile>
    <ClCompile Include="Packet.cpp">
      <Filter>소스 파일\Util</Filter>
    </ClCompile>
    <ClCompile Include="cAction.cpp">
      <Filter>소스 파일\Action</Filter>
    </ClCompile>
    <ClCompile Include="cHydraState.cpp">
      <Filter>소스 파일\State\MonsterState\Hydra</Filter>
    </ClCompile>
    <ClCompile Include="cPlayer.cpp">
      <Filter>소스 파일\Object</Filter>
    </ClCompile>
    <ClCompile Include="cIdleState.cpp">
      <Filter>소스 파일\State\BaseState</Filter>
    </ClCompile>
    <ClCompile Include="cMoveState.cpp">
      <Filter>소스 파일\State\BaseState</Filter>
    </ClCompile>
    <ClCompile Include="cKeyManager.cpp">
      <Filter>소스 파일\GamaManager</Filter>
    </ClCompile>
    <ClCompile Include="cPlayerState.cpp">
      <Filter>소스 파일\State\PlayerState</Filter>
    </ClCompile>
    <ClCompile Include="cMonsterState.cpp">
      <Filter>소스 파일\State\MonsterState</Filter>
    </ClCompile>
    <ClCompile Include="cSoundManager.cpp">
      <Filter>소스 파일\GamaManager</Filter>
    </ClCompile>
    <ClCompile Include="cParticle.cpp">
      <Filter>소스 파일\Particle</Filter>
    </ClCompile>
    <ClCompile Include="cThrownObject.cpp">
      <Filter>소스 파일\Particle</Filter>
    </ClCompile>
    <ClCompile Include="cBaseLongAttack.cpp">
      <Filter>소스 파일\GameData\Skill</Filter>
    </ClCompile>
    <ClCompile Include="cStandbyState.cpp">
      <Filter>소스 파일\State\BaseState</Filter>
    </ClCompile>
    <ClCompile Include="cBaseShortAttack.cpp">
      <Filter>소스 파일\GameData\Skill</Filter>
    </ClCompile>
    <ClCompile Include="cPlayerFSM.cpp">
      <Filter>소스 파일\State\PlayerState</Filter>
    </ClCompile>
    <ClCompile Include="cMonsterFSM.cpp">
      <Filter>소스 파일\State\MonsterState</Filter>
    </ClCompile>
    <ClCompile Include="cWorldCamera.cpp">
      <Filter>소스 파일\Util</Filter>
    </ClCompile>
    <ClCompile Include="cMap.cpp">
      <Filter>소스 파일\Util</Filter>
    </ClCompile>
    <ClCompile Include="cEntityState.cpp">
      <Filter>소스 파일\State\BaseState</Filter>
    </ClCompile>
    <ClCompile Include="cModelState.cpp">
      <Filter>소스 파일\State\BaseState</Filter>
    </ClCompile>
    <ClCompile Include="cCombatNPCFSM.cpp">
      <Filter>소스 파일\State\NPCState</Filter>
    </ClCompile>
    <ClCompile Include="cCombatNPCState.cpp">
      <Filter>소스 파일\State\NPCState</Filter>
    </ClCompile>
    <ClCompile Include="cUIImageView.cpp">
      <Filter>소스 파일\UI</Filter>
    </ClCompile>
    <ClCompile Include="cUIObject.cpp">
      <Filter>소스 파일\UI</Filter>
    </ClCompile>
    <ClCompile Include="cUITextView.cpp">
      <Filter>소스 파일\UI</Filter>
    </ClCompile>
    <ClCompile Include="cUIButton.cpp">
      <Filter>소스 파일\UI</Filter>
    </ClCompile>
    <ClCompile Include="cFontManager.cpp">
      <Filter>소스 파일\GamaManager</Filter>
    </ClCompile>
    <ClCompile Include="cMonster.cpp">
      <Filter>소스 파일\Object\Monster</Filter>
    </ClCompile>
    <ClCompile Include="cNamedMonster.cpp">
      <Filter>소스 파일\Object\Monster</Filter>
    </ClCompile>
    <ClCompile Include="cCombatNPC.cpp">
      <Filter>소스 파일\Object\NPC</Filter>
    </ClCompile>
    <ClCompile Include="cScorpionState.cpp">
      <Filter>소스 파일\State\MonsterState\scorpion</Filter>
    </ClCompile>
    <ClCompile Include="cParticleEffect.cpp">
      <Filter>소스 파일\Particle</Filter>
    </ClCompile>
    <ClCompile Include="cBlizzard.cpp">
      <Filter>소스 파일\GameData\Skill</Filter>
    </ClCompile>
    <ClCompile Include="cRecursiveParticle.cpp">
      <Filter>소스 파일\Particle</Filter>
    </ClCompile>
    <ClCompile Include="cRoar.cpp">
      <Filter>소스 파일\Particle</Filter>
    </ClCompile>
    <ClCompile Include="cBattleRoar.cpp">
      <Filter>소스 파일\GameData\Skill</Filter>
    </ClCompile>
    <ClCompile Include="cFirePad.cpp">
      <Filter>소스 파일\GameData\Skill</Filter>
    </ClCompile>
    <ClCompile Include="cStun.cpp">
      <Filter>소스 파일\GameData\Condition</Filter>
    </ClCompile>
    <ClCompile Include="cPatrolState.cpp">
      <Filter>소스 파일\State\BaseState</Filter>
    </ClCompile>
    <ClCompile Include="cUIClass.cpp">
      <Filter>소스 파일\UI</Filter>
    </ClCompile>
    <ClCompile Include="cSkyBox.cpp">
      <Filter>소스 파일\UI</Filter>
    </ClCompile>
    <ClCompile Include="cMapModScript.cpp">
      <Filter>소스 파일\Script</Filter>
    </ClCompile>
    <ClCompile Include="cProgressBar.cpp">
      <Filter>소스 파일\UI</Filter>
    </ClCompile>
    <ClCompile Include="cUserHUD.cpp">
      <Filter>소스 파일\UI</Filter>
    </ClCompile>
    <ClCompile Include="cAttackState.cpp">
      <Filter>소스 파일\State\BaseState</Filter>
    </ClCompile>
    <ClCompile Include="cFireHand.cpp">
      <Filter>소스 파일\GameData\Skill</Filter>
    </ClCompile>
    <ClCompile Include="cImmediatelyHeal.cpp">
      <Filter>소스 파일\GameData\Skill</Filter>
    </ClCompile>
    <ClCompile Include="cUIProgressButton.cpp">
      <Filter>소스 파일\UI</Filter>
    </ClCompile>
    <ClCompile Include="cFrustum.cpp">
      <Filter>소스 파일\Util</Filter>
    </ClCompile>
    <ClCompile Include="cHmap.cpp">
      <Filter>소스 파일\Util</Filter>
    </ClCompile>
    <ClCompile Include="cKingOfLichState.cpp">
      <Filter>소스 파일\State\MonsterState\LichOfKingState</Filter>
    </ClCompile>
    <ClCompile Include="cInitGameDataScript.cpp">
      <Filter>소스 파일\Script</Filter>
    </ClCompile>
    <ClCompile Include="cStunState.cpp">
      <Filter>소스 파일\State\BaseState</Filter>
    </ClCompile>
    <ClCompile Include="cBombParticle.cpp">
      <Filter>소스 파일\Particle</Filter>
    </ClCompile>
    <ClCompile Include="cWound.cpp">
      <Filter>소스 파일\GameData\Skill</Filter>
    </ClCompile>
    <ClCompile Include="cIncATK.cpp">
      <Filter>소스 파일\GameData\Condition</Filter>
    </ClCompile>
    <ClCompile Include="cIncDef.cpp">
      <Filter>소스 파일\GameData\Condition</Filter>
    </ClCompile>
    <ClCompile Include="cMiniMapObject.cpp">
      <Filter>소스 파일\Util</Filter>
    </ClCompile>
    <ClCompile Include="cMiniMap.cpp">
      <Filter>소스 파일\Util</Filter>
    </ClCompile>
    <ClCompile Include="cMiniMapImageView.cpp">
      <Filter>소스 파일\Util</Filter>
    </ClCompile>
    <ClCompile Include="cBerserk.cpp">
      <Filter>소스 파일\GameData\Skill</Filter>
    </ClCompile>
    <ClCompile Include="cBless.cpp">
      <Filter>소스 파일\GameData\Skill</Filter>
    </ClCompile>
    <ClCompile Include="cExplosionKnife.cpp">
      <Filter>소스 파일\GameData\Skill</Filter>
    </ClCompile>
    <ClCompile Include="cBaseThrowAttack.cpp">
      <Filter>소스 파일\GameData\Skill</Filter>
    </ClCompile>
    <ClCompile Include="cPoisonKnife.cpp">
      <Filter>소스 파일\GameData\Skill</Filter>
    </ClCompile>
    <ClCompile Include="cDworfMageState.cpp">
      <Filter>소스 파일\State\NPCState\DwordMage</Filter>
    </ClCompile>
    <ClCompile Include="cHumanWarriorState.cpp">
      <Filter>소스 파일\State\NPCState\Warrior</Filter>
    </ClCompile>
    <ClCompile Include="cGnomeHealerState.cpp">
      <Filter>소스 파일\State\NPCState\Healer</Filter>
    </ClCompile>
    <ClCompile Include="cElfRogueState.cpp">
      <Filter>소스 파일\State\NPCState\ElfRogue</Filter>
    </ClCompile>
    <ClCompile Include="cBossMonsterState.cpp">
      <Filter>소스 파일\State\MonsterState</Filter>
    </ClCompile>
    <ClCompile Include="cBossMonsterFSM.cpp">
      <Filter>소스 파일\State\MonsterState</Filter>
    </ClCompile>
  </ItemGroup>
  <ItemGroup>
    <ResourceCompile Include="WuwaFantasy.rc">
      <Filter>리소스 파일</Filter>
    </ResourceCompile>
  </ItemGroup>
  <ItemGroup>
    <Image Include="small.ico">
      <Filter>리소스 파일</Filter>
    </Image>
    <Image Include="WuwaFantasy.ico">
      <Filter>리소스 파일</Filter>
    </Image>
  </ItemGroup>
</Project>